
Microsoft Visual Studio Solution File, Format Version 12.00
# Visual Studio Version 16
VisualStudioVersion = 16.0.30114.105
MinimumVisualStudioVersion = 10.0.40219.1
Project("{FAE04EC0-301F-11D3-BF4B-00C04F79EFBC}") = "IntcomTestApp.Api", "IntcomTestApp.Api\IntcomTestApp.Api.csproj", "{2786C793-8762-480E-A9DA-72CBC3C081FB}"
EndProject
Project("{FAE04EC0-301F-11D3-BF4B-00C04F79EFBC}") = "IntcomTestApp.Core", "IntcomTestApp.Core\IntcomTestApp.Core.csproj", "{C3CD2D57-995B-41E3-B825-0F1F7B333408}"
EndProject
Project("{FAE04EC0-301F-11D3-BF4B-00C04F79EFBC}") = "IntcomTestApp.Application", "IntcomTestApp.Application\IntcomTestApp.Application.csproj", "{AE27E747-3A55-4800-86AE-0B5306F7506D}"
EndProject
Project("{FAE04EC0-301F-11D3-BF4B-00C04F79EFBC}") = "IntcomTestApp.Infrastructure", "IntcomTestApp.Infrastructure\IntcomTestApp.Infrastructure.csproj", "{CBB3DE48-C8B8-4494-BFCF-D0FC5B0295DF}"
EndProject
Global
	GlobalSection(SolutionConfigurationPlatforms) = preSolution
		Debug|Any CPU = Debug|Any CPU
		Release|Any CPU = Release|Any CPU
	EndGlobalSection
	GlobalSection(ProjectConfigurationPlatforms) = postSolution
		{2786C793-8762-480E-A9DA-72CBC3C081FB}.Debug|Any CPU.ActiveCfg = Debug|Any CPU
		{2786C793-8762-480E-A9DA-72CBC3C081FB}.Debug|Any CPU.Build.0 = Debug|Any CPU
		{2786C793-8762-480E-A9DA-72CBC3C081FB}.Release|Any CPU.ActiveCfg = Release|Any CPU
		{2786C793-8762-480E-A9DA-72CBC3C081FB}.Release|Any CPU.Build.0 = Release|Any CPU
		{C3CD2D57-995B-41E3-B825-0F1F7B333408}.Debug|Any CPU.ActiveCfg = Debug|Any CPU
		{C3CD2D57-995B-41E3-B825-0F1F7B333408}.Debug|Any CPU.Build.0 = Debug|Any CPU
		{C3CD2D57-995B-41E3-B825-0F1F7B333408}.Release|Any CPU.ActiveCfg = Release|Any CPU
		{C3CD2D57-995B-41E3-B825-0F1F7B333408}.Release|Any CPU.Build.0 = Release|Any CPU
		{AE27E747-3A55-4800-86AE-0B5306F7506D}.Debug|Any CPU.ActiveCfg = Debug|Any CPU
		{AE27E747-3A55-4800-86AE-0B5306F7506D}.Debug|Any CPU.Build.0 = Debug|Any CPU
		{AE27E747-3A55-4800-86AE-0B5306F7506D}.Release|Any CPU.ActiveCfg = Release|Any CPU
		{AE27E747-3A55-4800-86AE-0B5306F7506D}.Release|Any CPU.Build.0 = Release|Any CPU
		{CBB3DE48-C8B8-4494-BFCF-D0FC5B0295DF}.Debug|Any CPU.ActiveCfg = Debug|Any CPU
		{CBB3DE48-C8B8-4494-BFCF-D0FC5B0295DF}.Debug|Any CPU.Build.0 = Debug|Any CPU
		{CBB3DE48-C8B8-4494-BFCF-D0FC5B0295DF}.Release|Any CPU.ActiveCfg = Release|Any CPU
		{CBB3DE48-C8B8-4494-BFCF-D0FC5B0295DF}.Release|Any CPU.Build.0 = Release|Any CPU
	EndGlobalSection
	GlobalSection(SolutionProperties) = preSolution
		HideSolutionNode = FALSE
	EndGlobalSection
	GlobalSection(ExtensibilityGlobals) = postSolution
		SolutionGuid = {86B94770-4E72-4261-ACBA-99300EFA591B}
	EndGlobalSection
EndGlobal
